
Microsoft Visual Studio Solution File, Format Version 12.00
# Visual Studio 2012
Project("{FAE04EC0-301F-11D3-BF4B-00C04F79EFBC}") = "SlotTheory", "SlotTheory.csproj", "{C7328F26-4597-4C55-BF39-F95C5435BCE0}"
EndProject
Project("{FAE04EC0-301F-11D3-BF4B-00C04F79EFBC}") = "SlotTheory.Tests", "SlotTheory.Tests\SlotTheory.Tests.csproj", "{D514AA10-1356-40F3-B11C-AFD52E7C3B6F}"
EndProject
Global
	GlobalSection(SolutionConfigurationPlatforms) = preSolution
		Debug|Any CPU = Debug|Any CPU
		Debug|x64 = Debug|x64
		Debug|x86 = Debug|x86
		ExportDebug|Any CPU = ExportDebug|Any CPU
		ExportDebug|x64 = ExportDebug|x64
		ExportDebug|x86 = ExportDebug|x86
		ExportRelease|Any CPU = ExportRelease|Any CPU
		ExportRelease|x64 = ExportRelease|x64
		ExportRelease|x86 = ExportRelease|x86
		Release|Any CPU = Release|Any CPU
		Release|x64 = Release|x64
		Release|x86 = Release|x86
	EndGlobalSection
	GlobalSection(ProjectConfigurationPlatforms) = postSolution
		{C7328F26-4597-4C55-BF39-F95C5435BCE0}.Debug|Any CPU.ActiveCfg = Debug|Any CPU
		{C7328F26-4597-4C55-BF39-F95C5435BCE0}.Debug|Any CPU.Build.0 = Debug|Any CPU
		{C7328F26-4597-4C55-BF39-F95C5435BCE0}.Debug|x64.ActiveCfg = Debug|Any CPU
		{C7328F26-4597-4C55-BF39-F95C5435BCE0}.Debug|x64.Build.0 = Debug|Any CPU
		{C7328F26-4597-4C55-BF39-F95C5435BCE0}.Debug|x86.ActiveCfg = Debug|Any CPU
		{C7328F26-4597-4C55-BF39-F95C5435BCE0}.Debug|x86.Build.0 = Debug|Any CPU
		{C7328F26-4597-4C55-BF39-F95C5435BCE0}.ExportDebug|Any CPU.ActiveCfg = ExportDebug|Any CPU
		{C7328F26-4597-4C55-BF39-F95C5435BCE0}.ExportDebug|Any CPU.Build.0 = ExportDebug|Any CPU
		{C7328F26-4597-4C55-BF39-F95C5435BCE0}.ExportDebug|x64.ActiveCfg = ExportDebug|Any CPU
		{C7328F26-4597-4C55-BF39-F95C5435BCE0}.ExportDebug|x64.Build.0 = ExportDebug|Any CPU
		{C7328F26-4597-4C55-BF39-F95C5435BCE0}.ExportDebug|x86.ActiveCfg = ExportDebug|Any CPU
		{C7328F26-4597-4C55-BF39-F95C5435BCE0}.ExportDebug|x86.Build.0 = ExportDebug|Any CPU
		{C7328F26-4597-4C55-BF39-F95C5435BCE0}.ExportRelease|Any CPU.ActiveCfg = ExportRelease|Any CPU
		{C7328F26-4597-4C55-BF39-F95C5435BCE0}.ExportRelease|Any CPU.Build.0 = ExportRelease|Any CPU
		{C7328F26-4597-4C55-BF39-F95C5435BCE0}.ExportRelease|x64.ActiveCfg = ExportRelease|Any CPU
		{C7328F26-4597-4C55-BF39-F95C5435BCE0}.ExportRelease|x64.Build.0 = ExportRelease|Any CPU
		{C7328F26-4597-4C55-BF39-F95C5435BCE0}.ExportRelease|x86.ActiveCfg = ExportRelease|Any CPU
		{C7328F26-4597-4C55-BF39-F95C5435BCE0}.ExportRelease|x86.Build.0 = ExportRelease|Any CPU
		{C7328F26-4597-4C55-BF39-F95C5435BCE0}.Release|Any CPU.ActiveCfg = Release|Any CPU
		{C7328F26-4597-4C55-BF39-F95C5435BCE0}.Release|Any CPU.Build.0 = Release|Any CPU
		{C7328F26-4597-4C55-BF39-F95C5435BCE0}.Release|x64.ActiveCfg = Release|Any CPU
		{C7328F26-4597-4C55-BF39-F95C5435BCE0}.Release|x64.Build.0 = Release|Any CPU
		{C7328F26-4597-4C55-BF39-F95C5435BCE0}.Release|x86.ActiveCfg = Release|Any CPU
		{C7328F26-4597-4C55-BF39-F95C5435BCE0}.Release|x86.Build.0 = Release|Any CPU
		{D514AA10-1356-40F3-B11C-AFD52E7C3B6F}.Debug|Any CPU.ActiveCfg = Debug|Any CPU
		{D514AA10-1356-40F3-B11C-AFD52E7C3B6F}.Debug|Any CPU.Build.0 = Debug|Any CPU
		{D514AA10-1356-40F3-B11C-AFD52E7C3B6F}.Debug|x64.ActiveCfg = Debug|Any CPU
		{D514AA10-1356-40F3-B11C-AFD52E7C3B6F}.Debug|x64.Build.0 = Debug|Any CPU
		{D514AA10-1356-40F3-B11C-AFD52E7C3B6F}.Debug|x86.ActiveCfg = Debug|Any CPU
		{D514AA10-1356-40F3-B11C-AFD52E7C3B6F}.Debug|x86.Build.0 = Debug|Any CPU
		{D514AA10-1356-40F3-B11C-AFD52E7C3B6F}.ExportDebug|Any CPU.ActiveCfg = Debug|Any CPU
		{D514AA10-1356-40F3-B11C-AFD52E7C3B6F}.ExportDebug|Any CPU.Build.0 = Debug|Any CPU
		{D514AA10-1356-40F3-B11C-AFD52E7C3B6F}.ExportDebug|x64.ActiveCfg = Debug|Any CPU
		{D514AA10-1356-40F3-B11C-AFD52E7C3B6F}.ExportDebug|x64.Build.0 = Debug|Any CPU
		{D514AA10-1356-40F3-B11C-AFD52E7C3B6F}.ExportDebug|x86.ActiveCfg = Debug|Any CPU
		{D514AA10-1356-40F3-B11C-AFD52E7C3B6F}.ExportDebug|x86.Build.0 = Debug|Any CPU
		{D514AA10-1356-40F3-B11C-AFD52E7C3B6F}.ExportRelease|Any CPU.ActiveCfg = Debug|Any CPU
		{D514AA10-1356-40F3-B11C-AFD52E7C3B6F}.ExportRelease|Any CPU.Build.0 = Debug|Any CPU
		{D514AA10-1356-40F3-B11C-AFD52E7C3B6F}.ExportRelease|x64.ActiveCfg = Debug|Any CPU
		{D514AA10-1356-40F3-B11C-AFD52E7C3B6F}.ExportRelease|x64.Build.0 = Debug|Any CPU
		{D514AA10-1356-40F3-B11C-AFD52E7C3B6F}.ExportRelease|x86.ActiveCfg = Debug|Any CPU
		{D514AA10-1356-40F3-B11C-AFD52E7C3B6F}.ExportRelease|x86.Build.0 = Debug|Any CPU
		{D514AA10-1356-40F3-B11C-AFD52E7C3B6F}.Release|Any CPU.ActiveCfg = Release|Any CPU
		{D514AA10-1356-40F3-B11C-AFD52E7C3B6F}.Release|Any CPU.Build.0 = Release|Any CPU
		{D514AA10-1356-40F3-B11C-AFD52E7C3B6F}.Release|x64.ActiveCfg = Release|Any CPU
		{D514AA10-1356-40F3-B11C-AFD52E7C3B6F}.Release|x64.Build.0 = Release|Any CPU
		{D514AA10-1356-40F3-B11C-AFD52E7C3B6F}.Release|x86.ActiveCfg = Release|Any CPU
		{D514AA10-1356-40F3-B11C-AFD52E7C3B6F}.Release|x86.Build.0 = Release|Any CPU
	EndGlobalSection
	GlobalSection(ProjectDependencies) = postSolution
		{D514AA10-1356-40F3-B11C-AFD52E7C3B6F}.0 = {C7328F26-4597-4C55-BF39-F95C5435BCE0}
	EndGlobalSection
	GlobalSection(SolutionProperties) = preSolution
		HideSolutionNode = FALSE
	EndGlobalSection
EndGlobal
